
Microsoft Visual Studio Solution File, Format Version 12.00
# Visual Studio Version 17
VisualStudioVersion = 17.0.31903.59
MinimumVisualStudioVersion = 10.0.40219.1
Project("{9A19103F-16F7-4668-BE54-9A1E7A4F7556}") = "ImageToWebpApp", "ImageToWebpApp\ImageToWebpApp.csproj", "{ED1A270F-9095-4BD0-9F54-F19D6FD02E3D}"
EndProject
Global
	GlobalSection(SolutionConfigurationPlatforms) = preSolution
		Debug|Any CPU = Debug|Any CPU
		Release|Any CPU = Release|Any CPU
	EndGlobalSection
	GlobalSection(ProjectConfigurationPlatforms) = postSolution
		{ED1A270F-9095-4BD0-9F54-F19D6FD02E3D}.Debug|Any CPU.ActiveCfg = Debug|Any CPU
		{ED1A270F-9095-4BD0-9F54-F19D6FD02E3D}.Debug|Any CPU.Build.0 = Debug|Any CPU
		{ED1A270F-9095-4BD0-9F54-F19D6FD02E3D}.Release|Any CPU.ActiveCfg = Release|Any CPU
		{ED1A270F-9095-4BD0-9F54-F19D6FD02E3D}.Release|Any CPU.Build.0 = Release|Any CPU
	EndGlobalSection
	GlobalSection(SolutionProperties) = preSolution
		HideSolutionNode = FALSE
	EndGlobalSection
	GlobalSection(ExtensibilityGlobals) = postSolution
		SolutionGuid = {7F09E14B-E916-48F2-8390-FDB6BB40375C}
	EndGlobalSection
EndGlobal
